{
  "name": "@jefri/jiffies",
  "lockfileVersion": 2,
  "requires": true,
  "packages": {
    "": {
      "name": "@jefri/jiffies",
      "devDependencies": {
        "@types/node": "^17.0.24",
        "typescript": "^4.7.0-dev.20220415"
      }
    },
    "node_modules/@types/node": {
      "version": "17.0.24",
      "resolved": "https://registry.npmjs.org/@types/node/-/node-17.0.24.tgz",
      "integrity": "sha512-aveCYRQbgTH9Pssp1voEP7HiuWlD2jW2BO56w+bVrJn04i61yh6mRfoKO6hEYQD9vF+W8Chkwc6j1M36uPkx4g==",
      "dev": true
    },
    "node_modules/typescript": {
      "version": "4.7.0-dev.20220415",
      "resolved": "https://registry.npmjs.org/typescript/-/typescript-4.7.0-dev.20220415.tgz",
      "integrity": "sha512-z29SdimqisA560ODjUyM7ZYj5behBCzge6HmGBzkVr6zia28HTFeZORehCr37e8Hw1IlsULE4uz5oPwuck8h5Q==",
      "dev": true,
      "bin": {
        "tsc": "bin/tsc",
        "tsserver": "bin/tsserver"
      },
      "engines": {
        "node": ">=4.2.0"
      }
    }
  },
  "dependencies": {
    "@types/node": {
      "version": "17.0.24",
      "resolved": "https://registry.npmjs.org/@types/node/-/node-17.0.24.tgz",
      "integrity": "sha512-aveCYRQbgTH9Pssp1voEP7HiuWlD2jW2BO56w+bVrJn04i61yh6mRfoKO6hEYQD9vF+W8Chkwc6j1M36uPkx4g==",
      "dev": true
    },
    "typescript": {
      "version": "4.7.0-dev.20220415",
      "resolved": "https://registry.npmjs.org/typescript/-/typescript-4.7.0-dev.20220415.tgz",
      "integrity": "sha512-z29SdimqisA560ODjUyM7ZYj5behBCzge6HmGBzkVr6zia28HTFeZORehCr37e8Hw1IlsULE4uz5oPwuck8h5Q==",
      "dev": true
    }
  }
}
